
Microsoft Visual Studio Solution File, Format Version 12.00
# Visual Studio Version 16
VisualStudioVersion = 16.0.30011.22
MinimumVisualStudioVersion = 10.0.40219.1
Project("{FAE04EC0-301F-11D3-BF4B-00C04F79EFBC}") = "NameWithDot", "NameWithDot.csproj", "{FB7B68BB-7BCF-4254-AAB0-0B423C01FA95}"
EndProject
Global
	GlobalSection(SolutionConfigurationPlatforms) = preSolution
		Debug|Any CPU = Debug|Any CPU
		Release|Any CPU = Release|Any CPU
	EndGlobalSection
	GlobalSection(ProjectConfigurationPlatforms) = postSolution
		{FB7B68BB-7BCF-4254-AAB0-0B423C01FA95}.Debug|Any CPU.ActiveCfg = Debug|Any CPU
		{FB7B68BB-7BCF-4254-AAB0-0B423C01FA95}.Debug|Any CPU.Build.0 = Debug|Any CPU
		{FB7B68BB-7BCF-4254-AAB0-0B423C01FA95}.Release|Any CPU.ActiveCfg = Release|Any CPU
		{FB7B68BB-7BCF-4254-AAB0-0B423C01FA95}.Release|Any CPU.Build.0 = Release|Any CPU
	EndGlobalSection
	GlobalSection(SolutionProperties) = preSolution
		HideSolutionNode = FALSE
	EndGlobalSection
	GlobalSection(ExtensibilityGlobals) = postSolution
		SolutionGuid = {009F030E-0248-42E7-B8D4-3D92E1D06C49}
	EndGlobalSection
EndGlobal
