
Microsoft Visual Studio Solution File, Format Version 12.00
# Visual Studio Version 16
VisualStudioVersion = 16.0.30011.22
MinimumVisualStudioVersion = 10.0.40219.1
Project("{9A19103F-16F7-4668-BE54-9A1E7A4F7556}") = "Name", "Name.csproj", "{7600E1E0-5B64-4EE1-811D-609F091EC271}"
EndProject
Project("{FAE04EC0-301F-11D3-BF4B-00C04F79EFBC}") = "ProjectA.TeamA", "..\ProjectA.TeamA\ProjectA.TeamA.csproj", "{55C6D117-E446-4A1C-A509-045E8CD76294}"
EndProject
Project("{FAE04EC0-301F-11D3-BF4B-00C04F79EFBC}") = "ProjectA.TeamB", "..\ProjectA.TeamB\ProjectA.TeamB.csproj", "{07332FFF-8989-4B97-A02F-A520CC26A611}"
EndProject
Global
	GlobalSection(SolutionConfigurationPlatforms) = preSolution
		Debug|Any CPU = Debug|Any CPU
		Release|Any CPU = Release|Any CPU
	EndGlobalSection
	GlobalSection(ProjectConfigurationPlatforms) = postSolution
		{7600E1E0-5B64-4EE1-811D-609F091EC271}.Debug|Any CPU.ActiveCfg = Debug|Any CPU
		{7600E1E0-5B64-4EE1-811D-609F091EC271}.Debug|Any CPU.Build.0 = Debug|Any CPU
		{7600E1E0-5B64-4EE1-811D-609F091EC271}.Release|Any CPU.ActiveCfg = Release|Any CPU
		{7600E1E0-5B64-4EE1-811D-609F091EC271}.Release|Any CPU.Build.0 = Release|Any CPU
		{55C6D117-E446-4A1C-A509-045E8CD76294}.Debug|Any CPU.ActiveCfg = Debug|Any CPU
		{55C6D117-E446-4A1C-A509-045E8CD76294}.Debug|Any CPU.Build.0 = Debug|Any CPU
		{55C6D117-E446-4A1C-A509-045E8CD76294}.Release|Any CPU.ActiveCfg = Release|Any CPU
		{55C6D117-E446-4A1C-A509-045E8CD76294}.Release|Any CPU.Build.0 = Release|Any CPU
		{07332FFF-8989-4B97-A02F-A520CC26A611}.Debug|Any CPU.ActiveCfg = Debug|Any CPU
		{07332FFF-8989-4B97-A02F-A520CC26A611}.Debug|Any CPU.Build.0 = Debug|Any CPU
		{07332FFF-8989-4B97-A02F-A520CC26A611}.Release|Any CPU.ActiveCfg = Release|Any CPU
		{07332FFF-8989-4B97-A02F-A520CC26A611}.Release|Any CPU.Build.0 = Release|Any CPU
	EndGlobalSection
	GlobalSection(SolutionProperties) = preSolution
		HideSolutionNode = FALSE
	EndGlobalSection
	GlobalSection(ExtensibilityGlobals) = postSolution
		SolutionGuid = {219C1DE7-E69B-40D2-806E-17B576792461}
	EndGlobalSection
EndGlobal
